
Microsoft Visual Studio Solution File, Format Version 12.00
# Visual Studio Version 17
VisualStudioVersion = 17.1.32210.238
MinimumVisualStudioVersion = 10.0.40219.1
Project("{FAE04EC0-301F-11D3-BF4B-00C04F79EFBC}") = "A-Star", "A-Star\A-Star.csproj", "{539D57B8-2E63-432C-8CB7-208A8CA9ACA8}"
EndProject
Global
	GlobalSection(SolutionConfigurationPlatforms) = preSolution
		Debug|Any CPU = Debug|Any CPU
		Release|Any CPU = Release|Any CPU
	EndGlobalSection
	GlobalSection(ProjectConfigurationPlatforms) = postSolution
		{539D57B8-2E63-432C-8CB7-208A8CA9ACA8}.Debug|Any CPU.ActiveCfg = Debug|Any CPU
		{539D57B8-2E63-432C-8CB7-208A8CA9ACA8}.Debug|Any CPU.Build.0 = Debug|Any CPU
		{539D57B8-2E63-432C-8CB7-208A8CA9ACA8}.Release|Any CPU.ActiveCfg = Release|Any CPU
		{539D57B8-2E63-432C-8CB7-208A8CA9ACA8}.Release|Any CPU.Build.0 = Release|Any CPU
	EndGlobalSection
	GlobalSection(SolutionProperties) = preSolution
		HideSolutionNode = FALSE
	EndGlobalSection
	GlobalSection(ExtensibilityGlobals) = postSolution
		SolutionGuid = {2E545D39-3E5D-4E78-A202-3A125934A6E3}
	EndGlobalSection
EndGlobal
